
Microsoft Visual Studio Solution File, Format Version 12.00
# Visual Studio Version 17
VisualStudioVersion = 17.12.35707.178 d17.12
MinimumVisualStudioVersion = 10.0.40219.1
Project("{FAE04EC0-301F-11D3-BF4B-00C04F79EFBC}") = "ECommerce.OrderService.API", "ECommerce.OrderService.API\ECommerce.OrderService.API.csproj", "{1302A586-22A1-4E46-B890-5CDAE977FB47}"
EndProject
Project("{FAE04EC0-301F-11D3-BF4B-00C04F79EFBC}") = "ECommerce.OrderService.Core", "ECommerce.OrderService.Core\ECommerce.OrderService.Core.csproj", "{55A4E509-5BCB-4BAF-955D-FD2EA7219937}"
EndProject
Project("{FAE04EC0-301F-11D3-BF4B-00C04F79EFBC}") = "ECommerce.OrderService.Infrastructure", "ECommerce.OrderService.Infrastructure\ECommerce.OrderService.Infrastructure.csproj", "{1E978CD7-0F8C-42B6-8F8E-B2869124078D}"
EndProject
Project("{FAE04EC0-301F-11D3-BF4B-00C04F79EFBC}") = "ECommerce.OrderService.Application", "ECommerce.OrderService.Application\ECommerce.OrderService.Application.csproj", "{7776C419-8E60-47E2-AC5F-ADB35E22AEF3}"
EndProject
Global
	GlobalSection(SolutionConfigurationPlatforms) = preSolution
		Debug|Any CPU = Debug|Any CPU
		Release|Any CPU = Release|Any CPU
	EndGlobalSection
	GlobalSection(ProjectConfigurationPlatforms) = postSolution
		{1302A586-22A1-4E46-B890-5CDAE977FB47}.Debug|Any CPU.ActiveCfg = Debug|Any CPU
		{1302A586-22A1-4E46-B890-5CDAE977FB47}.Debug|Any CPU.Build.0 = Debug|Any CPU
		{1302A586-22A1-4E46-B890-5CDAE977FB47}.Release|Any CPU.ActiveCfg = Release|Any CPU
		{1302A586-22A1-4E46-B890-5CDAE977FB47}.Release|Any CPU.Build.0 = Release|Any CPU
		{55A4E509-5BCB-4BAF-955D-FD2EA7219937}.Debug|Any CPU.ActiveCfg = Debug|Any CPU
		{55A4E509-5BCB-4BAF-955D-FD2EA7219937}.Debug|Any CPU.Build.0 = Debug|Any CPU
		{55A4E509-5BCB-4BAF-955D-FD2EA7219937}.Release|Any CPU.ActiveCfg = Release|Any CPU
		{55A4E509-5BCB-4BAF-955D-FD2EA7219937}.Release|Any CPU.Build.0 = Release|Any CPU
		{1E978CD7-0F8C-42B6-8F8E-B2869124078D}.Debug|Any CPU.ActiveCfg = Debug|Any CPU
		{1E978CD7-0F8C-42B6-8F8E-B2869124078D}.Debug|Any CPU.Build.0 = Debug|Any CPU
		{1E978CD7-0F8C-42B6-8F8E-B2869124078D}.Release|Any CPU.ActiveCfg = Release|Any CPU
		{1E978CD7-0F8C-42B6-8F8E-B2869124078D}.Release|Any CPU.Build.0 = Release|Any CPU
		{7776C419-8E60-47E2-AC5F-ADB35E22AEF3}.Debug|Any CPU.ActiveCfg = Debug|Any CPU
		{7776C419-8E60-47E2-AC5F-ADB35E22AEF3}.Debug|Any CPU.Build.0 = Debug|Any CPU
		{7776C419-8E60-47E2-AC5F-ADB35E22AEF3}.Release|Any CPU.ActiveCfg = Release|Any CPU
		{7776C419-8E60-47E2-AC5F-ADB35E22AEF3}.Release|Any CPU.Build.0 = Release|Any CPU
	EndGlobalSection
	GlobalSection(SolutionProperties) = preSolution
		HideSolutionNode = FALSE
	EndGlobalSection
EndGlobal
